
Microsoft Visual Studio Solution File, Format Version 12.00
# Visual Studio Version 16
VisualStudioVersion = 16.0.29613.14
MinimumVisualStudioVersion = 10.0.40219.1
Project("{FAE04EC0-301F-11D3-BF4B-00C04F79EFBC}") = "MqttDemo", "MqttDemo.csproj", "{1CB3D7E8-3466-496C-8578-F9024465F8F0}"
EndProject
Global
	GlobalSection(SolutionConfigurationPlatforms) = preSolution
		Debug|Any CPU = Debug|Any CPU
		Release|Any CPU = Release|Any CPU
	EndGlobalSection
	GlobalSection(ProjectConfigurationPlatforms) = postSolution
		{1CB3D7E8-3466-496C-8578-F9024465F8F0}.Debug|Any CPU.ActiveCfg = Debug|Any CPU
		{1CB3D7E8-3466-496C-8578-F9024465F8F0}.Debug|Any CPU.Build.0 = Debug|Any CPU
		{1CB3D7E8-3466-496C-8578-F9024465F8F0}.Release|Any CPU.ActiveCfg = Release|Any CPU
		{1CB3D7E8-3466-496C-8578-F9024465F8F0}.Release|Any CPU.Build.0 = Release|Any CPU
	EndGlobalSection
	GlobalSection(SolutionProperties) = preSolution
		HideSolutionNode = FALSE
	EndGlobalSection
	GlobalSection(ExtensibilityGlobals) = postSolution
		SolutionGuid = {A7E802F6-A1D7-4D97-8F9A-5BB3BB39ACA7}
	EndGlobalSection
EndGlobal
